// !$*UTF8*$!
{
	archiveVersion = 1;
	classes = {
	};
	objectVersion = 55;
	objects = {

/* Begin PBXBuildFile section */
		4309A3A229DBE23600CC7F0B /* UberCloneApp.swift in Sources */ = {isa = PBXBuildFile; fileRef = 4309A39229DBE23400CC7F0B /* UberCloneApp.swift */; };
		4309A3A329DBE23600CC7F0B /* UberCloneApp.swift in Sources */ = {isa = PBXBuildFile; fileRef = 4309A39229DBE23400CC7F0B /* UberCloneApp.swift */; };
		4309A3A629DBE23600CC7F0B /* Assets.xcassets in Resources */ = {isa = PBXBuildFile; fileRef = 4309A39429DBE23500CC7F0B /* Assets.xcassets */; };
		4309A3A729DBE23600CC7F0B /* Assets.xcassets in Resources */ = {isa = PBXBuildFile; fileRef = 4309A39429DBE23500CC7F0B /* Assets.xcassets */; };
		4309A3B829DBE2D000CC7F0B /* HomeView.swift in Sources */ = {isa = PBXBuildFile; fileRef = 4309A3B729DBE2D000CC7F0B /* HomeView.swift */; };
		4309A3BA29DBE35A00CC7F0B /* UberMapViewRepresentable.swift in Sources */ = {isa = PBXBuildFile; fileRef = 4309A3B929DBE35A00CC7F0B /* UberMapViewRepresentable.swift */; };
		4309A3BC29DBE5C900CC7F0B /* LocationManager.swift in Sources */ = {isa = PBXBuildFile; fileRef = 4309A3BB29DBE5C900CC7F0B /* LocationManager.swift */; };
		4309A3C229DC037400CC7F0B /* LocationSearchActivationView.swift in Sources */ = {isa = PBXBuildFile; fileRef = 4309A3C129DC037400CC7F0B /* LocationSearchActivationView.swift */; };
		4309A3C429DC070000CC7F0B /* MapViewActionButton.swift in Sources */ = {isa = PBXBuildFile; fileRef = 4309A3C329DC070000CC7F0B /* MapViewActionButton.swift */; };
		4309A3C629DC0BA900CC7F0B /* LocationSearchView.swift in Sources */ = {isa = PBXBuildFile; fileRef = 4309A3C529DC0BA900CC7F0B /* LocationSearchView.swift */; };
		4309A3C829DC103100CC7F0B /* LocationSearchResultsCell.swift in Sources */ = {isa = PBXBuildFile; fileRef = 4309A3C729DC103100CC7F0B /* LocationSearchResultsCell.swift */; };
/* End PBXBuildFile section */

/* Begin PBXFileReference section */
		4309A39229DBE23400CC7F0B /* UberCloneApp.swift */ = {isa = PBXFileReference; lastKnownFileType = sourcecode.swift; path = UberCloneApp.swift; sourceTree = "<group>"; };
		4309A39429DBE23500CC7F0B /* Assets.xcassets */ = {isa = PBXFileReference; lastKnownFileType = folder.assetcatalog; path = Assets.xcassets; sourceTree = "<group>"; };
		4309A39929DBE23600CC7F0B /* UberClone.app */ = {isa = PBXFileReference; explicitFileType = wrapper.application; includeInIndex = 0; path = UberClone.app; sourceTree = BUILT_PRODUCTS_DIR; };
		4309A39F29DBE23600CC7F0B /* UberClone.app */ = {isa = PBXFileReference; explicitFileType = wrapper.application; includeInIndex = 0; path = UberClone.app; sourceTree = BUILT_PRODUCTS_DIR; };
		4309A3A129DBE23600CC7F0B /* macOS.entitlements */ = {isa = PBXFileReference; lastKnownFileType = text.plist.entitlements; path = macOS.entitlements; sourceTree = "<group>"; };
		4309A3B729DBE2D000CC7F0B /* HomeView.swift */ = {isa = PBXFileReference; lastKnownFileType = sourcecode.swift; path = HomeView.swift; sourceTree = "<group>"; };
		4309A3B929DBE35A00CC7F0B /* UberMapViewRepresentable.swift */ = {isa = PBXFileReference; lastKnownFileType = sourcecode.swift; path = UberMapViewRepresentable.swift; sourceTree = "<group>"; };
		4309A3BB29DBE5C900CC7F0B /* LocationManager.swift */ = {isa = PBXFileReference; lastKnownFileType = sourcecode.swift; path = LocationManager.swift; sourceTree = "<group>"; };
		4309A3C129DC037400CC7F0B /* LocationSearchActivationView.swift */ = {isa = PBXFileReference; lastKnownFileType = sourcecode.swift; path = LocationSearchActivationView.swift; sourceTree = "<group>"; };
		4309A3C329DC070000CC7F0B /* MapViewActionButton.swift */ = {isa = PBXFileReference; lastKnownFileType = sourcecode.swift; path = MapViewActionButton.swift; sourceTree = "<group>"; };
		4309A3C529DC0BA900CC7F0B /* LocationSearchView.swift */ = {isa = PBXFileReference; lastKnownFileType = sourcecode.swift; path = LocationSearchView.swift; sourceTree = "<group>"; };
		4309A3C729DC103100CC7F0B /* LocationSearchResultsCell.swift */ = {isa = PBXFileReference; lastKnownFileType = sourcecode.swift; path = LocationSearchResultsCell.swift; sourceTree = "<group>"; };
/* End PBXFileReference section */

/* Begin PBXFrameworksBuildPhase section */
		4309A39629DBE23600CC7F0B /* Frameworks */ = {
			isa = PBXFrameworksBuildPhase;
			buildActionMask = 2147483647;
			files = (
			);
			runOnlyForDeploymentPostprocessing = 0;
		};
		4309A39C29DBE23600CC7F0B /* Frameworks */ = {
			isa = PBXFrameworksBuildPhase;
			buildActionMask = 2147483647;
			files = (
			);
			runOnlyForDeploymentPostprocessing = 0;
		};
/* End PBXFrameworksBuildPhase section */

/* Begin PBXGroup section */
		4309A38C29DBE23400CC7F0B = {
			isa = PBXGroup;
			children = (
				4309A39129DBE23400CC7F0B /* Shared */,
				4309A3A029DBE23600CC7F0B /* macOS */,
				4309A39A29DBE23600CC7F0B /* Products */,
			);
			sourceTree = "<group>";
		};
		4309A39129DBE23400CC7F0B /* Shared */ = {
			isa = PBXGroup;
			children = (
				4309A3B429DBE25200CC7F0B /* App */,
				4309A3B329DBE25000CC7F0B /* Core */,
				4309A3B229DBE24E00CC7F0B /* Extensions */,
				4309A3B129DBE24C00CC7F0B /* Managers */,
				4309A3B029DBE24800CC7F0B /* Models */,
				4309A39429DBE23500CC7F0B /* Assets.xcassets */,
			);
			path = Shared;
			sourceTree = "<group>";
		};
		4309A39A29DBE23600CC7F0B /* Products */ = {
			isa = PBXGroup;
			children = (
				4309A39929DBE23600CC7F0B /* UberClone.app */,
				4309A39F29DBE23600CC7F0B /* UberClone.app */,
			);
			name = Products;
			sourceTree = "<group>";
		};
		4309A3A029DBE23600CC7F0B /* macOS */ = {
			isa = PBXGroup;
			children = (
				4309A3A129DBE23600CC7F0B /* macOS.entitlements */,
			);
			path = macOS;
			sourceTree = "<group>";
		};
		4309A3B029DBE24800CC7F0B /* Models */ = {
			isa = PBXGroup;
			children = (
			);
			path = Models;
			sourceTree = "<group>";
		};
		4309A3B129DBE24C00CC7F0B /* Managers */ = {
			isa = PBXGroup;
			children = (
				4309A3BB29DBE5C900CC7F0B /* LocationManager.swift */,
			);
			path = Managers;
			sourceTree = "<group>";
		};
		4309A3B229DBE24E00CC7F0B /* Extensions */ = {
			isa = PBXGroup;
			children = (
			);
			path = Extensions;
			sourceTree = "<group>";
		};
		4309A3B329DBE25000CC7F0B /* Core */ = {
			isa = PBXGroup;
			children = (
				4309A3BE29DC032C00CC7F0B /* LocationSearch */,
				4309A3BD29DC031700CC7F0B /* Home */,
			);
			path = Core;
			sourceTree = "<group>";
		};
		4309A3B429DBE25200CC7F0B /* App */ = {
			isa = PBXGroup;
			children = (
				4309A39229DBE23400CC7F0B /* UberCloneApp.swift */,
			);
			path = App;
			sourceTree = "<group>";
		};
		4309A3B529DBE29F00CC7F0B /* Views */ = {
			isa = PBXGroup;
			children = (
				4309A3B729DBE2D000CC7F0B /* HomeView.swift */,
				4309A3B929DBE35A00CC7F0B /* UberMapViewRepresentable.swift */,
				4309A3C329DC070000CC7F0B /* MapViewActionButton.swift */,
			);
			path = Views;
			sourceTree = "<group>";
		};
		4309A3B629DBE2A400CC7F0B /* ViewModel */ = {
			isa = PBXGroup;
			children = (
			);
			path = ViewModel;
			sourceTree = "<group>";
		};
		4309A3BD29DC031700CC7F0B /* Home */ = {
			isa = PBXGroup;
			children = (
				4309A3B529DBE29F00CC7F0B /* Views */,
				4309A3B629DBE2A400CC7F0B /* ViewModel */,
			);
			path = Home;
			sourceTree = "<group>";
		};
		4309A3BE29DC032C00CC7F0B /* LocationSearch */ = {
			isa = PBXGroup;
			children = (
				4309A3C029DC035700CC7F0B /* ViewModel */,
				4309A3BF29DC034C00CC7F0B /* Views */,
			);
			path = LocationSearch;
			sourceTree = "<group>";
		};
		4309A3BF29DC034C00CC7F0B /* Views */ = {
			isa = PBXGroup;
			children = (
				4309A3C129DC037400CC7F0B /* LocationSearchActivationView.swift */,
				4309A3C529DC0BA900CC7F0B /* LocationSearchView.swift */,
				4309A3C729DC103100CC7F0B /* LocationSearchResultsCell.swift */,
			);
			path = Views;
			sourceTree = "<group>";
		};
		4309A3C029DC035700CC7F0B /* ViewModel */ = {
			isa = PBXGroup;
			children = (
			);
			path = ViewModel;
			sourceTree = "<group>";
		};
/* End PBXGroup section */

/* Begin PBXNativeTarget section */
		4309A39829DBE23600CC7F0B /* UberClone (iOS) */ = {
			isa = PBXNativeTarget;
			buildConfigurationList = 4309A3AA29DBE23600CC7F0B /* Build configuration list for PBXNativeTarget "UberClone (iOS)" */;
			buildPhases = (
				4309A39529DBE23600CC7F0B /* Sources */,
				4309A39629DBE23600CC7F0B /* Frameworks */,
				4309A39729DBE23600CC7F0B /* Resources */,
			);
			buildRules = (
			);
			dependencies = (
			);
			name = "UberClone (iOS)";
			productName = "UberClone (iOS)";
			productReference = 4309A39929DBE23600CC7F0B /* UberClone.app */;
			productType = "com.apple.product-type.application";
		};
		4309A39E29DBE23600CC7F0B /* UberClone (macOS) */ = {
			isa = PBXNativeTarget;
			buildConfigurationList = 4309A3AD29DBE23600CC7F0B /* Build configuration list for PBXNativeTarget "UberClone (macOS)" */;
			buildPhases = (
				4309A39B29DBE23600CC7F0B /* Sources */,
				4309A39C29DBE23600CC7F0B /* Frameworks */,
				4309A39D29DBE23600CC7F0B /* Resources */,
			);
			buildRules = (
			);
			dependencies = (
			);
			name = "UberClone (macOS)";
			productName = "UberClone (macOS)";
			productReference = 4309A39F29DBE23600CC7F0B /* UberClone.app */;
			productType = "com.apple.product-type.application";
		};
/* End PBXNativeTarget section */

/* Begin PBXProject section */
		4309A38D29DBE23400CC7F0B /* Project object */ = {
			isa = PBXProject;
			attributes = {
				BuildIndependentTargetsInParallel = 1;
				LastSwiftUpdateCheck = 1340;
				LastUpgradeCheck = 1340;
				TargetAttributes = {
					4309A39829DBE23600CC7F0B = {
						CreatedOnToolsVersion = 13.4.1;
					};
					4309A39E29DBE23600CC7F0B = {
						CreatedOnToolsVersion = 13.4.1;
					};
				};
			};
			buildConfigurationList = 4309A39029DBE23400CC7F0B /* Build configuration list for PBXProject "UberClone" */;
			compatibilityVersion = "Xcode 13.0";
			developmentRegion = en;
			hasScannedForEncodings = 0;
			knownRegions = (
				en,
				Base,
			);
			mainGroup = 4309A38C29DBE23400CC7F0B;
			productRefGroup = 4309A39A29DBE23600CC7F0B /* Products */;
			projectDirPath = "";
			projectRoot = "";
			targets = (
				4309A39829DBE23600CC7F0B /* UberClone (iOS) */,
				4309A39E29DBE23600CC7F0B /* UberClone (macOS) */,
			);
		};
/* End PBXProject section */

/* Begin PBXResourcesBuildPhase section */
		4309A39729DBE23600CC7F0B /* Resources */ = {
			isa = PBXResourcesBuildPhase;
			buildActionMask = 2147483647;
			files = (
				4309A3A629DBE23600CC7F0B /* Assets.xcassets in Resources */,
			);
			runOnlyForDeploymentPostprocessing = 0;
		};
		4309A39D29DBE23600CC7F0B /* Resources */ = {
			isa = PBXResourcesBuildPhase;
			buildActionMask = 2147483647;
			files = (
				4309A3A729DBE23600CC7F0B /* Assets.xcassets in Resources */,
			);
			runOnlyForDeploymentPostprocessing = 0;
		};
/* End PBXResourcesBuildPhase section */

/* Begin PBXSourcesBuildPhase section */
		4309A39529DBE23600CC7F0B /* Sources */ = {
			isa = PBXSourcesBuildPhase;
			buildActionMask = 2147483647;
			files = (
				4309A3C629DC0BA900CC7F0B /* LocationSearchView.swift in Sources */,
				4309A3BC29DBE5C900CC7F0B /* LocationManager.swift in Sources */,
				4309A3C429DC070000CC7F0B /* MapViewActionButton.swift in Sources */,
				4309A3C829DC103100CC7F0B /* LocationSearchResultsCell.swift in Sources */,
				4309A3A229DBE23600CC7F0B /* UberCloneApp.swift in Sources */,
				4309A3BA29DBE35A00CC7F0B /* UberMapViewRepresentable.swift in Sources */,
				4309A3B829DBE2D000CC7F0B /* HomeView.swift in Sources */,
				4309A3C229DC037400CC7F0B /* LocationSearchActivationView.swift in Sources */,
			);
			runOnlyForDeploymentPostprocessing = 0;
		};
		4309A39B29DBE23600CC7F0B /* Sources */ = {
			isa = PBXSourcesBuildPhase;
			buildActionMask = 2147483647;
			files = (
				4309A3A329DBE23600CC7F0B /* UberCloneApp.swift in Sources */,
			);
			runOnlyForDeploymentPostprocessing = 0;
		};
/* End PBXSourcesBuildPhase section */

/* Begin XCBuildConfiguration section */
		4309A3A829DBE23600CC7F0B /* Debug */ = {
			isa = XCBuildConfiguration;
			buildSettings = {
				ALWAYS_SEARCH_USER_PATHS = NO;
				CLANG_ANALYZER_NONNULL = YES;
				CLANG_ANALYZER_NUMBER_OBJECT_CONVERSION = YES_AGGRESSIVE;
				CLANG_CXX_LANGUAGE_STANDARD = "gnu++17";
				CLANG_ENABLE_MODULES = YES;
				CLANG_ENABLE_OBJC_ARC = YES;
				CLANG_ENABLE_OBJC_WEAK = YES;
				CLANG_WARN_BLOCK_CAPTURE_AUTORELEASING = YES;
				CLANG_WARN_BOOL_CONVERSION = YES;
				CLANG_WARN_COMMA = YES;
				CLANG_WARN_CONSTANT_CONVERSION = YES;
				CLANG_WARN_DEPRECATED_OBJC_IMPLEMENTATIONS = YES;
				CLANG_WARN_DIRECT_OBJC_ISA_USAGE = YES_ERROR;
				CLANG_WARN_DOCUMENTATION_COMMENTS = YES;
				CLANG_WARN_EMPTY_BODY = YES;
				CLANG_WARN_ENUM_CONVERSION = YES;
				CLANG_WARN_INFINITE_RECURSION = YES;
				CLANG_WARN_INT_CONVERSION = YES;
				CLANG_WARN_NON_LITERAL_NULL_CONVERSION = YES;
				CLANG_WARN_OBJC_IMPLICIT_RETAIN_SELF = YES;
				CLANG_WARN_OBJC_LITERAL_CONVERSION = YES;
				CLANG_WARN_OBJC_ROOT_CLASS = YES_ERROR;
				CLANG_WARN_QUOTED_INCLUDE_IN_FRAMEWORK_HEADER = YES;
				CLANG_WARN_RANGE_LOOP_ANALYSIS = YES;
				CLANG_WARN_STRICT_PROTOTYPES = YES;
				CLANG_WARN_SUSPICIOUS_MOVE = YES;
				CLANG_WARN_UNGUARDED_AVAILABILITY = YES_AGGRESSIVE;
				CLANG_WARN_UNREACHABLE_CODE = YES;
				CLANG_WARN__DUPLICATE_METHOD_MATCH = YES;
				COPY_PHASE_STRIP = NO;
				DEBUG_INFORMATION_FORMAT = dwarf;
				ENABLE_STRICT_OBJC_MSGSEND = YES;
				ENABLE_TESTABILITY = YES;
				GCC_C_LANGUAGE_STANDARD = gnu11;
				GCC_DYNAMIC_NO_PIC = NO;
				GCC_NO_COMMON_BLOCKS = YES;
				GCC_OPTIMIZATION_LEVEL = 0;
				GCC_PREPROCESSOR_DEFINITIONS = (
					"DEBUG=1",
					"$(inherited)",
				);
				GCC_WARN_64_TO_32_BIT_CONVERSION = YES;
				GCC_WARN_ABOUT_RETURN_TYPE = YES_ERROR;
				GCC_WARN_UNDECLARED_SELECTOR = YES;
				GCC_WARN_UNINITIALIZED_AUTOS = YES_AGGRESSIVE;
				GCC_WARN_UNUSED_FUNCTION = YES;
				GCC_WARN_UNUSED_VARIABLE = YES;
				MTL_ENABLE_DEBUG_INFO = INCLUDE_SOURCE;
				MTL_FAST_MATH = YES;
				ONLY_ACTIVE_ARCH = YES;
				SWIFT_ACTIVE_COMPILATION_CONDITIONS = DEBUG;
				SWIFT_OPTIMIZATION_LEVEL = "-Onone";
			};
			name = Debug;
		};
		4309A3A929DBE23600CC7F0B /* Release */ = {
			isa = XCBuildConfiguration;
			buildSettings = {
				ALWAYS_SEARCH_USER_PATHS = NO;
				CLANG_ANALYZER_NONNULL = YES;
				CLANG_ANALYZER_NUMBER_OBJECT_CONVERSION = YES_AGGRESSIVE;
				CLANG_CXX_LANGUAGE_STANDARD = "gnu++17";
				CLANG_ENABLE_MODULES = YES;
				CLANG_ENABLE_OBJC_ARC = YES;
				CLANG_ENABLE_OBJC_WEAK = YES;
				CLANG_WARN_BLOCK_CAPTURE_AUTORELEASING = YES;
				CLANG_WARN_BOOL_CONVERSION = YES;
				CLANG_WARN_COMMA = YES;
				CLANG_WARN_CONSTANT_CONVERSION = YES;
				CLANG_WARN_DEPRECATED_OBJC_IMPLEMENTATIONS = YES;
				CLANG_WARN_DIRECT_OBJC_ISA_USAGE = YES_ERROR;
				CLANG_WARN_DOCUMENTATION_COMMENTS = YES;
				CLANG_WARN_EMPTY_BODY = YES;
				CLANG_WARN_ENUM_CONVERSION = YES;
				CLANG_WARN_INFINITE_RECURSION = YES;
				CLANG_WARN_INT_CONVERSION = YES;
				CLANG_WARN_NON_LITERAL_NULL_CONVERSION = YES;
				CLANG_WARN_OBJC_IMPLICIT_RETAIN_SELF = YES;
				CLANG_WARN_OBJC_LITERAL_CONVERSION = YES;
				CLANG_WARN_OBJC_ROOT_CLASS = YES_ERROR;
				CLANG_WARN_QUOTED_INCLUDE_IN_FRAMEWORK_HEADER = YES;
				CLANG_WARN_RANGE_LOOP_ANALYSIS = YES;
				CLANG_WARN_STRICT_PROTOTYPES = YES;
				CLANG_WARN_SUSPICIOUS_MOVE = YES;
				CLANG_WARN_UNGUARDED_AVAILABILITY = YES_AGGRESSIVE;
				CLANG_WARN_UNREACHABLE_CODE = YES;
				CLANG_WARN__DUPLICATE_METHOD_MATCH = YES;
				COPY_PHASE_STRIP = NO;
				DEBUG_INFORMATION_FORMAT = "dwarf-with-dsym";
				ENABLE_NS_ASSERTIONS = NO;
				ENABLE_STRICT_OBJC_MSGSEND = YES;
				GCC_C_LANGUAGE_STANDARD = gnu11;
				GCC_NO_COMMON_BLOCKS = YES;
				GCC_WARN_64_TO_32_BIT_CONVERSION = YES;
				GCC_WARN_ABOUT_RETURN_TYPE = YES_ERROR;
				GCC_WARN_UNDECLARED_SELECTOR = YES;
				GCC_WARN_UNINITIALIZED_AUTOS = YES_AGGRESSIVE;
				GCC_WARN_UNUSED_FUNCTION = YES;
				GCC_WARN_UNUSED_VARIABLE = YES;
				MTL_ENABLE_DEBUG_INFO = NO;
				MTL_FAST_MATH = YES;
				SWIFT_COMPILATION_MODE = wholemodule;
				SWIFT_OPTIMIZATION_LEVEL = "-O";
			};
			name = Release;
		};
		4309A3AB29DBE23600CC7F0B /* Debug */ = {
			isa = XCBuildConfiguration;
			buildSettings = {
				ASSETCATALOG_COMPILER_APPICON_NAME = AppIcon;
				ASSETCATALOG_COMPILER_GLOBAL_ACCENT_COLOR_NAME = AccentColor;
				CODE_SIGN_STYLE = Automatic;
				CURRENT_PROJECT_VERSION = 1;
				DEVELOPMENT_TEAM = 8UST2MM462;
				ENABLE_PREVIEWS = YES;
				GENERATE_INFOPLIST_FILE = YES;
				INFOPLIST_KEY_NSLocationWhenInUseUsageDescription = "Please Allow us  to access your location to find you nearby drivers ";
				INFOPLIST_KEY_UIApplicationSceneManifest_Generation = YES;
				INFOPLIST_KEY_UIApplicationSupportsIndirectInputEvents = YES;
				INFOPLIST_KEY_UILaunchScreen_Generation = YES;
				INFOPLIST_KEY_UISupportedInterfaceOrientations_iPad = "UIInterfaceOrientationPortrait UIInterfaceOrientationPortraitUpsideDown UIInterfaceOrientationLandscapeLeft UIInterfaceOrientationLandscapeRight";
				INFOPLIST_KEY_UISupportedInterfaceOrientations_iPhone = "UIInterfaceOrientationPortrait UIInterfaceOrientationLandscapeLeft UIInterfaceOrientationLandscapeRight";
				IPHONEOS_DEPLOYMENT_TARGET = 15.5;
				LD_RUNPATH_SEARCH_PATHS = (
					"$(inherited)",
					"@executable_path/Frameworks",
				);
				MARKETING_VERSION = 1.0;
				PRODUCT_BUNDLE_IDENTIFIER = com.JihyunLee.UberClone;
				PRODUCT_NAME = UberClone;
				SDKROOT = iphoneos;
				SWIFT_EMIT_LOC_STRINGS = YES;
				SWIFT_VERSION = 5.0;
				TARGETED_DEVICE_FAMILY = "1,2";
			};
			name = Debug;
		};
		4309A3AC29DBE23600CC7F0B /* Release */ = {
			isa = XCBuildConfiguration;
			buildSettings = {
				ASSETCATALOG_COMPILER_APPICON_NAME = AppIcon;
				ASSETCATALOG_COMPILER_GLOBAL_ACCENT_COLOR_NAME = AccentColor;
				CODE_SIGN_STYLE = Automatic;
				CURRENT_PROJECT_VERSION = 1;
				DEVELOPMENT_TEAM = 8UST2MM462;
				ENABLE_PREVIEWS = YES;
				GENERATE_INFOPLIST_FILE = YES;
				INFOPLIST_KEY_NSLocationWhenInUseUsageDescription = "Please Allow us  to access your location to find you nearby drivers ";
				INFOPLIST_KEY_UIApplicationSceneManifest_Generation = YES;
				INFOPLIST_KEY_UIApplicationSupportsIndirectInputEvents = YES;
				INFOPLIST_KEY_UILaunchScreen_Generation = YES;
				INFOPLIST_KEY_UISupportedInterfaceOrientations_iPad = "UIInterfaceOrientationPortrait UIInterfaceOrientationPortraitUpsideDown UIInterfaceOrientationLandscapeLeft UIInterfaceOrientationLandscapeRight";
				INFOPLIST_KEY_UISupportedInterfaceOrientations_iPhone = "UIInterfaceOrientationPortrait UIInterfaceOrientationLandscapeLeft UIInterfaceOrientationLandscapeRight";
				IPHONEOS_DEPLOYMENT_TARGET = 15.5;
				LD_RUNPATH_SEARCH_PATHS = (
					"$(inherited)",
					"@executable_path/Frameworks",
				);
				MARKETING_VERSION = 1.0;
				PRODUCT_BUNDLE_IDENTIFIER = com.JihyunLee.UberClone;
				PRODUCT_NAME = UberClone;
				SDKROOT = iphoneos;
				SWIFT_EMIT_LOC_STRINGS = YES;
				SWIFT_VERSION = 5.0;
				TARGETED_DEVICE_FAMILY = "1,2";
				VALIDATE_PRODUCT = YES;
			};
			name = Release;
		};
		4309A3AE29DBE23600CC7F0B /* Debug */ = {
			isa = XCBuildConfiguration;
			buildSettings = {
				ASSETCATALOG_COMPILER_APPICON_NAME = AppIcon;
				ASSETCATALOG_COMPILER_GLOBAL_ACCENT_COLOR_NAME = AccentColor;
				CODE_SIGN_ENTITLEMENTS = macOS/macOS.entitlements;
				CODE_SIGN_STYLE = Automatic;
				COMBINE_HIDPI_IMAGES = YES;
				CURRENT_PROJECT_VERSION = 1;
				DEVELOPMENT_TEAM = 8UST2MM462;
				ENABLE_HARDENED_RUNTIME = YES;
				ENABLE_PREVIEWS = YES;
				GENERATE_INFOPLIST_FILE = YES;
				INFOPLIST_KEY_NSHumanReadableCopyright = "";
				LD_RUNPATH_SEARCH_PATHS = (
					"$(inherited)",
					"@executable_path/../Frameworks",
				);
				MACOSX_DEPLOYMENT_TARGET = 12.3;
				MARKETING_VERSION = 1.0;
				PRODUCT_BUNDLE_IDENTIFIER = com.JihyunLee.UberClone;
				PRODUCT_NAME = UberClone;
				SDKROOT = macosx;
				SWIFT_EMIT_LOC_STRINGS = YES;
				SWIFT_VERSION = 5.0;
			};
			name = Debug;
		};
		4309A3AF29DBE23600CC7F0B /* Release */ = {
			isa = XCBuildConfiguration;
			buildSettings = {
				ASSETCATALOG_COMPILER_APPICON_NAME = AppIcon;
				ASSETCATALOG_COMPILER_GLOBAL_ACCENT_COLOR_NAME = AccentColor;
				CODE_SIGN_ENTITLEMENTS = macOS/macOS.entitlements;
				CODE_SIGN_STYLE = Automatic;
				COMBINE_HIDPI_IMAGES = YES;
				CURRENT_PROJECT_VERSION = 1;
				DEVELOPMENT_TEAM = 8UST2MM462;
				ENABLE_HARDENED_RUNTIME = YES;
				ENABLE_PREVIEWS = YES;
				GENERATE_INFOPLIST_FILE = YES;
				INFOPLIST_KEY_NSHumanReadableCopyright = "";
				LD_RUNPATH_SEARCH_PATHS = (
					"$(inherited)",
					"@executable_path/../Frameworks",
				);
				MACOSX_DEPLOYMENT_TARGET = 12.3;
				MARKETING_VERSION = 1.0;
				PRODUCT_BUNDLE_IDENTIFIER = com.JihyunLee.UberClone;
				PRODUCT_NAME = UberClone;
				SDKROOT = macosx;
				SWIFT_EMIT_LOC_STRINGS = YES;
				SWIFT_VERSION = 5.0;
			};
			name = Release;
		};
/* End XCBuildConfiguration section */

/* Begin XCConfigurationList section */
		4309A39029DBE23400CC7F0B /* Build configuration list for PBXProject "UberClone" */ = {
			isa = XCConfigurationList;
			buildConfigurations = (
				4309A3A829DBE23600CC7F0B /* Debug */,
				4309A3A929DBE23600CC7F0B /* Release */,
			);
			defaultConfigurationIsVisible = 0;
			defaultConfigurationName = Release;
		};
		4309A3AA29DBE23600CC7F0B /* Build configuration list for PBXNativeTarget "UberClone (iOS)" */ = {
			isa = XCConfigurationList;
			buildConfigurations = (
				4309A3AB29DBE23600CC7F0B /* Debug */,
				4309A3AC29DBE23600CC7F0B /* Release */,
			);
			defaultConfigurationIsVisible = 0;
			defaultConfigurationName = Release;
		};
		4309A3AD29DBE23600CC7F0B /* Build configuration list for PBXNativeTarget "UberClone (macOS)" */ = {
			isa = XCConfigurationList;
			buildConfigurations = (
				4309A3AE29DBE23600CC7F0B /* Debug */,
				4309A3AF29DBE23600CC7F0B /* Release */,
			);
			defaultConfigurationIsVisible = 0;
			defaultConfigurationName = Release;
		};
/* End XCConfigurationList section */
	};
	rootObject = 4309A38D29DBE23400CC7F0B /* Project object */;
}
